{
  "lockfile_version": "1",
  "packages": {
    "bubblewrap@latest": {
      "last_modified": "2026-05-21T08:15:18Z",
      "resolved": "github:NixOS/nixpkgs/4a29d733e8a7d5b824c3d8c958a946a9867b3eb2#bubblewrap",
      "source": "devbox-search",
      "version": "0.11.2",
      "systems": {
        "aarch64-linux": {
          "outputs": [
            {
              "name": "out",
              "path": "/nix/store/g6wadinsm85z047is642axkxaqnc3613-bubblewrap-0.11.2",
              "default": true
            },
            {
              "name": "dev",
              "path": "/nix/store/d8wsh33ks4xpf1fszldpawy54k4sx1d9-bubblewrap-0.11.2-dev"
            }
          ],
          "store_path": "/nix/store/g6wadinsm85z047is642axkxaqnc3613-bubblewrap-0.11.2"
        },
        "x86_64-linux": {
          "outputs": [
            {
              "name": "out",
              "path": "/nix/store/zp6rsi809fx5h7dccn7aidg1mj8zgn52-bubblewrap-0.11.2",
              "default": true
            },
            {
              "name": "dev",
              "path": "/nix/store/wglhvf4chksr7dhm3xcawb1iina9jksp-bubblewrap-0.11.2-dev"
            }
          ],
          "store_path": "/nix/store/zp6rsi809fx5h7dccn7aidg1mj8zgn52-bubblewrap-0.11.2"
        }
      }
    },
    "bun@latest": {
      "last_modified": "2026-05-21T08:15:18Z",
      "resolved": "github:NixOS/nixpkgs/4a29d733e8a7d5b824c3d8c958a946a9867b3eb2#bun",
      "source": "devbox-search",
      "version": "1.3.13",
      "systems": {
        "aarch64-darwin": {
          "outputs": [
            {
              "name": "out",
              "path": "/nix/store/jgl1hjr0cf6s32jcnqmkp44av4flamap-bun-1.3.13",
              "default": true
            }
          ],
          "store_path": "/nix/store/jgl1hjr0cf6s32jcnqmkp44av4flamap-bun-1.3.13"
        },
        "aarch64-linux": {
          "outputs": [
            {
              "name": "out",
              "path": "/nix/store/ywc7zrq5vr32ashfgc7dp84a2f3rzic6-bun-1.3.13",
              "default": true
            }
          ],
          "store_path": "/nix/store/ywc7zrq5vr32ashfgc7dp84a2f3rzic6-bun-1.3.13"
        },
        "x86_64-darwin": {
          "outputs": [
            {
              "name": "out",
              "path": "/nix/store/1nphhxm1h3pya9j86kql2gpsvy6nizr4-bun-1.3.13",
              "default": true
            }
          ],
          "store_path": "/nix/store/1nphhxm1h3pya9j86kql2gpsvy6nizr4-bun-1.3.13"
        },
        "x86_64-linux": {
          "outputs": [
            {
              "name": "out",
              "path": "/nix/store/z1cxjx705fswwjjns0sw2ysbd5jqxfgm-bun-1.3.13",
              "default": true
            }
          ],
          "store_path": "/nix/store/z1cxjx705fswwjjns0sw2ysbd5jqxfgm-bun-1.3.13"
        }
      }
    },
    "claude-code@latest": {
      "last_modified": "2026-06-05T19:07:58Z",
      "resolved": "github:NixOS/nixpkgs/891eaa77f0eed53352194677991bd30978f9b0ad#claude-code",
      "source": "devbox-search",
      "version": "2.1.161",
      "systems": {
        "aarch64-darwin": {
          "outputs": [
            {
              "name": "out",
              "path": "/nix/store/i9sba4hvza65y8i9bsj9m300z28znay1-claude-code-2.1.161",
              "default": true
            }
          ],
          "store_path": "/nix/store/i9sba4hvza65y8i9bsj9m300z28znay1-claude-code-2.1.161"
        },
        "aarch64-linux": {
          "outputs": [
            {
              "name": "out",
              "path": "/nix/store/0snj330dzl9g1ac9jlhyj97m92fhzysy-claude-code-2.1.161",
              "default": true
            }
          ],
          "store_path": "/nix/store/0snj330dzl9g1ac9jlhyj97m92fhzysy-claude-code-2.1.161"
        },
        "x86_64-darwin": {
          "outputs": [
            {
              "name": "out",
              "path": "/nix/store/803c84sp6d6ypay1pxyqdd0fm832g8cz-claude-code-2.1.161",
              "default": true
            }
          ],
          "store_path": "/nix/store/803c84sp6d6ypay1pxyqdd0fm832g8cz-claude-code-2.1.161"
        },
        "x86_64-linux": {
          "outputs": [
            {
              "name": "out",
              "path": "/nix/store/caanb1wd5cncm5z2abksqd3pid4bcizn-claude-code-2.1.161",
              "default": true
            }
          ],
          "store_path": "/nix/store/caanb1wd5cncm5z2abksqd3pid4bcizn-claude-code-2.1.161"
        }
      }
    },
    "direnv@latest": {
      "last_modified": "2026-06-05T19:07:58Z",
      "resolved": "github:NixOS/nixpkgs/891eaa77f0eed53352194677991bd30978f9b0ad#direnv",
      "source": "devbox-search",
      "version": "2.37.1",
      "systems": {
        "aarch64-darwin": {
          "outputs": [
            {
              "name": "out",
              "path": "/nix/store/k4zng3llmq2qg7ahj04qrvshqgi52fsy-direnv-2.37.1",
              "default": true
            }
          ],
          "store_path": "/nix/store/k4zng3llmq2qg7ahj04qrvshqgi52fsy-direnv-2.37.1"
        },
        "aarch64-linux": {
          "outputs": [
            {
              "name": "out",
              "path": "/nix/store/l54175vxpabc0vz12ipmqbpyv33cg57m-direnv-2.37.1",
              "default": true
            }
          ],
          "store_path": "/nix/store/l54175vxpabc0vz12ipmqbpyv33cg57m-direnv-2.37.1"
        },
        "x86_64-darwin": {
          "outputs": [
            {
              "name": "out",
              "path": "/nix/store/52cq14p2zkji62rry0j0dw9fs2n23cyv-direnv-2.37.1",
              "default": true
            }
          ],
          "store_path": "/nix/store/52cq14p2zkji62rry0j0dw9fs2n23cyv-direnv-2.37.1"
        },
        "x86_64-linux": {
          "outputs": [
            {
              "name": "out",
              "path": "/nix/store/gv6dc61q6sprcm3hr69yxnwjn3gwcvsc-direnv-2.37.1",
              "default": true
            }
          ],
          "store_path": "/nix/store/gv6dc61q6sprcm3hr69yxnwjn3gwcvsc-direnv-2.37.1"
        }
      }
    },
    "gh@latest": {
      "last_modified": "2026-05-29T05:01:12Z",
      "resolved": "github:NixOS/nixpkgs/e9a7635a57597d9754eccebdfc7045e6c8600e6b#gh",
      "source": "devbox-search",
      "version": "2.93.0",
      "systems": {
        "aarch64-darwin": {
          "outputs": [
            {
              "name": "out",
              "path": "/nix/store/p7wwwbqc7s50l4z2jgk42hynw15cmwx6-gh-2.93.0",
              "default": true
            }
          ],
          "store_path": "/nix/store/p7wwwbqc7s50l4z2jgk42hynw15cmwx6-gh-2.93.0"
        },
        "aarch64-linux": {
          "outputs": [
            {
              "name": "out",
              "path": "/nix/store/1lc9qaiyrpyrk4l3r451msli62wa6im4-gh-2.93.0",
              "default": true
            }
          ],
          "store_path": "/nix/store/1lc9qaiyrpyrk4l3r451msli62wa6im4-gh-2.93.0"
        },
        "x86_64-darwin": {
          "outputs": [
            {
              "name": "out",
              "path": "/nix/store/giwixml54fx65khz0dkwk1k6pa2rvdb4-gh-2.93.0",
              "default": true
            }
          ],
          "store_path": "/nix/store/giwixml54fx65khz0dkwk1k6pa2rvdb4-gh-2.93.0"
        },
        "x86_64-linux": {
          "outputs": [
            {
              "name": "out",
              "path": "/nix/store/fxvyz1dx5wp87qgbd6dfkmqqb4fypm3b-gh-2.93.0",
              "default": true
            }
          ],
          "store_path": "/nix/store/fxvyz1dx5wp87qgbd6dfkmqqb4fypm3b-gh-2.93.0"
        }
      }
    },
    "git@latest": {
      "last_modified": "2026-06-08T15:01:26Z",
      "resolved": "github:NixOS/nixpkgs/8c3cede7ddc26bd659d2d383b5610efbd2c7a16e#git",
      "source": "devbox-search",
      "version": "2.54.0",
      "systems": {
        "aarch64-darwin": {
          "outputs": [
            {
              "name": "out",
              "path": "/nix/store/a14yxcqvv9x2l9mllgpirzhvz93pgprg-git-2.54.0",
              "default": true
            },
            {
              "name": "doc",
              "path": "/nix/store/zn8gmbxxf5398hxg6y6nk5jimj85qj69-git-2.54.0-doc"
            }
          ],
          "store_path": "/nix/store/a14yxcqvv9x2l9mllgpirzhvz93pgprg-git-2.54.0"
        },
        "aarch64-linux": {
          "outputs": [
            {
              "name": "out",
              "path": "/nix/store/ixp98f9avf8ikpdrmp40cj33g0dazyp9-git-2.54.0",
              "default": true
            },
            {
              "name": "doc",
              "path": "/nix/store/klwr4n2snj7ldlpkhwarwlif80myx0vj-git-2.54.0-doc"
            },
            {
              "name": "debug",
              "path": "/nix/store/c7mafmqf28l7898rpbqqkd0p3m42hc03-git-2.54.0-debug"
            }
          ],
          "store_path": "/nix/store/ixp98f9avf8ikpdrmp40cj33g0dazyp9-git-2.54.0"
        },
        "x86_64-darwin": {
          "outputs": [
            {
              "name": "out",
              "path": "/nix/store/s9lsrlgwr3sabw9a2dl3laykas0ijk85-git-2.54.0",
              "default": true
            },
            {
              "name": "doc",
              "path": "/nix/store/agyxy5ay4x06b52mj24rz44fc82328ha-git-2.54.0-doc"
            }
          ],
          "store_path": "/nix/store/s9lsrlgwr3sabw9a2dl3laykas0ijk85-git-2.54.0"
        },
        "x86_64-linux": {
          "outputs": [
            {
              "name": "out",
              "path": "/nix/store/bcnisk3ydfgv26v2gw3zlky24g00yww2-git-2.54.0",
              "default": true
            },
            {
              "name": "doc",
              "path": "/nix/store/l444690y78nfdwyzm6mghagl7xa97myf-git-2.54.0-doc"
            },
            {
              "name": "debug",
              "path": "/nix/store/72fyakk8w8idjbksk0h8jbkq6sgvcm85-git-2.54.0-debug"
            }
          ],
          "store_path": "/nix/store/bcnisk3ydfgv26v2gw3zlky24g00yww2-git-2.54.0"
        }
      }
    },
    "github:NixOS/nixpkgs/nixpkgs-unstable": {
      "last_modified": "2026-06-12T02:02:01Z",
      "resolved": "github:NixOS/nixpkgs/173d0ad7a974f8543a9ab01d2271b2e290341b33?lastModified=1781229721"
    },
    "gnupg@latest": {
      "last_modified": "2026-05-21T08:15:18Z",
      "resolved": "github:NixOS/nixpkgs/4a29d733e8a7d5b824c3d8c958a946a9867b3eb2#gnupg",
      "source": "devbox-search",
      "version": "2.4.9",
      "systems": {
        "aarch64-darwin": {
          "outputs": [
            {
              "name": "out",
              "path": "/nix/store/cgh6iwzz5jgx9z5whka4vgj210i6npc6-gnupg-2.4.9",
              "default": true
            },
            {
              "name": "man",
              "path": "/nix/store/378ps6wb53l7snnqx8vdvzg29vz03yqk-gnupg-2.4.9-man",
              "default": true
            },
            {
              "name": "doc",
              "path": "/nix/store/xhxk663jyiagjvw5q6pfqbcj7v957r05-gnupg-2.4.9-doc"
            },
            {
              "name": "info",
              "path": "/nix/store/adgxsr0mfyc9hmc9h5kzk4wnjjvrfw9n-gnupg-2.4.9-info"
            }
          ],
          "store_path": "/nix/store/cgh6iwzz5jgx9z5whka4vgj210i6npc6-gnupg-2.4.9"
        },
        "aarch64-linux": {
          "outputs": [
            {
              "name": "out",
              "path": "/nix/store/ka4i8zz5ni3rzqnzcxbfvwr95fk8pn6q-gnupg-2.4.9",
              "default": true
            },
            {
              "name": "man",
              "path": "/nix/store/s4f39zw16ycmxd3ch0mgbbsz0dfrrm0g-gnupg-2.4.9-man",
              "default": true
            },
            {
              "name": "doc",
              "path": "/nix/store/cpg8xyzhf2zk8qc9n5s8j5rv41xi0phs-gnupg-2.4.9-doc"
            },
            {
              "name": "info",
              "path": "/nix/store/a97p4fpbjx5jflyxhq0l3smajw14ma98-gnupg-2.4.9-info"
            }
          ],
          "store_path": "/nix/store/ka4i8zz5ni3rzqnzcxbfvwr95fk8pn6q-gnupg-2.4.9"
        },
        "x86_64-darwin": {
          "outputs": [
            {
              "name": "out",
              "path": "/nix/store/gkrz15qn898zz74nzgki4ycnhihf9vnp-gnupg-2.4.9",
              "default": true
            },
            {
              "name": "man",
              "path": "/nix/store/b7ivld6yz2yhc86lcgazq9235kwz13im-gnupg-2.4.9-man",
              "default": true
            },
            {
              "name": "doc",
              "path": "/nix/store/px66gazyvdjs4dz70502yx2i5167nci0-gnupg-2.4.9-doc"
            },
            {
              "name": "info",
              "path": "/nix/store/jyx45sbh2gsbh9ydqcmgckb2rv7rvf9f-gnupg-2.4.9-info"
            }
          ],
          "store_path": "/nix/store/gkrz15qn898zz74nzgki4ycnhihf9vnp-gnupg-2.4.9"
        },
        "x86_64-linux": {
          "outputs": [
            {
              "name": "out",
              "path": "/nix/store/wx7vk8babxkgy813r70yc67vcwnmagbx-gnupg-2.4.9",
              "default": true
            },
            {
              "name": "man",
              "path": "/nix/store/mprsyk9jpnrw0z75p3wa6j1ybqczb5q2-gnupg-2.4.9-man",
              "default": true
            },
            {
              "name": "doc",
              "path": "/nix/store/whpx4dzq1g7n16i63bi45lb4vry6p48d-gnupg-2.4.9-doc"
            },
            {
              "name": "info",
              "path": "/nix/store/6jz46fyzkd7qwcrh356l6q2hf893y6h6-gnupg-2.4.9-info"
            }
          ],
          "store_path": "/nix/store/wx7vk8babxkgy813r70yc67vcwnmagbx-gnupg-2.4.9"
        }
      }
    },
    "less@latest": {
      "last_modified": "2026-05-21T08:15:18Z",
      "resolved": "github:NixOS/nixpkgs/4a29d733e8a7d5b824c3d8c958a946a9867b3eb2#less",
      "source": "devbox-search",
      "version": "692",
      "systems": {
        "aarch64-darwin": {
          "outputs": [
            {
              "name": "out",
              "path": "/nix/store/lvr16y75r1pdxpdv0aph5ak2yd0hkvqm-less-692",
              "default": true
            },
            {
              "name": "man",
              "path": "/nix/store/qpzmc0zv03g1qaffwmqn28a0mbfrnqll-less-692-man",
              "default": true
            }
          ],
          "store_path": "/nix/store/lvr16y75r1pdxpdv0aph5ak2yd0hkvqm-less-692"
        },
        "aarch64-linux": {
          "outputs": [
            {
              "name": "out",
              "path": "/nix/store/1blb3s7hhsr77wqi598m6k1qkfp3ms0w-less-692",
              "default": true
            },
            {
              "name": "man",
              "path": "/nix/store/5fcn3gpz7a4653bibaymyrjkkp35mdca-less-692-man",
              "default": true
            }
          ],
          "store_path": "/nix/store/1blb3s7hhsr77wqi598m6k1qkfp3ms0w-less-692"
        },
        "x86_64-darwin": {
          "outputs": [
            {
              "name": "out",
              "path": "/nix/store/328psxzy5gmwpp5y13lwrrkkka5l5iqx-less-692",
              "default": true
            },
            {
              "name": "man",
              "path": "/nix/store/7skwf2mw5l3gs44kbxb7fn2hxc373jrs-less-692-man",
              "default": true
            }
          ],
          "store_path": "/nix/store/328psxzy5gmwpp5y13lwrrkkka5l5iqx-less-692"
        },
        "x86_64-linux": {
          "outputs": [
            {
              "name": "out",
              "path": "/nix/store/c6bacbn93qg4a7g9n4czww8rg24dvysr-less-692",
              "default": true
            },
            {
              "name": "man",
              "path": "/nix/store/0r5hd8kslwxlx5vy876nalb14d55hx3r-less-692-man",
              "default": true
            }
          ],
          "store_path": "/nix/store/c6bacbn93qg4a7g9n4czww8rg24dvysr-less-692"
        }
      }
    },
    "socat@latest": {
      "last_modified": "2026-05-21T08:15:18Z",
      "resolved": "github:NixOS/nixpkgs/4a29d733e8a7d5b824c3d8c958a946a9867b3eb2#socat",
      "source": "devbox-search",
      "version": "1.8.1.1",
      "systems": {
        "aarch64-darwin": {
          "outputs": [
            {
              "name": "out",
              "path": "/nix/store/a4ymhh8sv7vkgn3q9xyjw4wk1cdmvg6a-socat-1.8.1.1",
              "default": true
            }
          ],
          "store_path": "/nix/store/a4ymhh8sv7vkgn3q9xyjw4wk1cdmvg6a-socat-1.8.1.1"
        },
        "aarch64-linux": {
          "outputs": [
            {
              "name": "out",
              "path": "/nix/store/zs6gpjyqvzi294645y4f8ki5gcw95wk8-socat-1.8.1.1",
              "default": true
            }
          ],
          "store_path": "/nix/store/zs6gpjyqvzi294645y4f8ki5gcw95wk8-socat-1.8.1.1"
        },
        "x86_64-darwin": {
          "outputs": [
            {
              "name": "out",
              "path": "/nix/store/85s9vlyi5n9z2zc8i9hn8lpxzay8y0zf-socat-1.8.1.1",
              "default": true
            }
          ],
          "store_path": "/nix/store/85s9vlyi5n9z2zc8i9hn8lpxzay8y0zf-socat-1.8.1.1"
        },
        "x86_64-linux": {
          "outputs": [
            {
              "name": "out",
              "path": "/nix/store/n50qh3qh69k1lqbd9ygkd5jar429ax82-socat-1.8.1.1",
              "default": true
            }
          ],
          "store_path": "/nix/store/n50qh3qh69k1lqbd9ygkd5jar429ax82-socat-1.8.1.1"
        }
      }
    }
  }
}
